
Microsoft Visual Studio Solution File, Format Version 12.00
# Visual Studio Version 17
VisualStudioVersion = 17.5.002.0
MinimumVisualStudioVersion = 10.0.40219.1
Project("{9A19103F-16F7-4668-BE54-9A1E7A4F7556}") = "Fitness.Api", "Fitness.Api\Fitness.Api.csproj", "{395C545C-30F3-47E1-AED8-540B4AEF2799}"
EndProject
Project("{9A19103F-16F7-4668-BE54-9A1E7A4F7556}") = "Fitness.IntegrationTests", "Fitness.IntegrationTests\Fitness.IntegrationTests.csproj", "{E643719D-13D2-44CD-8867-16B6F1DA6346}"
EndProject
Global
	GlobalSection(SolutionConfigurationPlatforms) = preSolution
		Debug|Any CPU = Debug|Any CPU
		Release|Any CPU = Release|Any CPU
	EndGlobalSection
	GlobalSection(ProjectConfigurationPlatforms) = postSolution
		{395C545C-30F3-47E1-AED8-540B4AEF2799}.Debug|Any CPU.ActiveCfg = Debug|Any CPU
		{395C545C-30F3-47E1-AED8-540B4AEF2799}.Debug|Any CPU.Build.0 = Debug|Any CPU
		{395C545C-30F3-47E1-AED8-540B4AEF2799}.Release|Any CPU.ActiveCfg = Release|Any CPU
		{395C545C-30F3-47E1-AED8-540B4AEF2799}.Release|Any CPU.Build.0 = Release|Any CPU
		{E643719D-13D2-44CD-8867-16B6F1DA6346}.Debug|Any CPU.ActiveCfg = Debug|Any CPU
		{E643719D-13D2-44CD-8867-16B6F1DA6346}.Debug|Any CPU.Build.0 = Debug|Any CPU
		{E643719D-13D2-44CD-8867-16B6F1DA6346}.Release|Any CPU.ActiveCfg = Release|Any CPU
		{E643719D-13D2-44CD-8867-16B6F1DA6346}.Release|Any CPU.Build.0 = Release|Any CPU
	EndGlobalSection
	GlobalSection(SolutionProperties) = preSolution
		HideSolutionNode = FALSE
	EndGlobalSection
	GlobalSection(ExtensibilityGlobals) = postSolution
		SolutionGuid = {9AEE228E-6260-4783-A475-DE6D307EB914}
	EndGlobalSection
EndGlobal
